// !$*UTF8*$!
{
	archiveVersion = 1;
	classes = {
	};
	objectVersion = 46;
	objects = {

/* Begin PBXBuildFile section */
		7973B5A61E97DD2900DEA0EC /* AppDelegate.swift in Sources */ = {isa = PBXBuildFile; fileRef = 7973B5A51E97DD2900DEA0EC /* AppDelegate.swift */; };
		7973B5A81E97DD2900DEA0EC /* ViewController.swift in Sources */ = {isa = PBXBuildFile; fileRef = 7973B5A71E97DD2900DEA0EC /* ViewController.swift */; };
		7973B5AB1E97DD2900DEA0EC /* Main.storyboard in Resources */ = {isa = PBXBuildFile; fileRef = 7973B5A91E97DD2900DEA0EC /* Main.storyboard */; };
		7973B5AD1E97DD2900DEA0EC /* Assets.xcassets in Resources */ = {isa = PBXBuildFile; fileRef = 7973B5AC1E97DD2900DEA0EC /* Assets.xcassets */; };
		7973B5B01E97DD2900DEA0EC /* LaunchScreen.storyboard in Resources */ = {isa = PBXBuildFile; fileRef = 7973B5AE1E97DD2900DEA0EC /* LaunchScreen.storyboard */; };
		7973B5BA1E97DDDB00DEA0EC /* Album.swift in Sources */ = {isa = PBXBuildFile; fileRef = 7973B5B71E97DDDB00DEA0EC /* Album.swift */; };
		7973B5BB1E97DDDB00DEA0EC /* AlbumView.swift in Sources */ = {isa = PBXBuildFile; fileRef = 7973B5B81E97DDDB00DEA0EC /* AlbumView.swift */; };
		7973B5BC1E97DDDB00DEA0EC /* HTTPClient.swift in Sources */ = {isa = PBXBuildFile; fileRef = 7973B5B91E97DDDB00DEA0EC /* HTTPClient.swift */; };
/* End PBXBuildFile section */

/* Begin PBXFileReference section */
		7973B5A21E97DD2900DEA0EC /* design-patterns.app */ = {isa = PBXFileReference; explicitFileType = wrapper.application; includeInIndex = 0; path = "design-patterns.app"; sourceTree = BUILT_PRODUCTS_DIR; };
		7973B5A51E97DD2900DEA0EC /* AppDelegate.swift */ = {isa = PBXFileReference; lastKnownFileType = sourcecode.swift; path = AppDelegate.swift; sourceTree = "<group>"; };
		7973B5A71E97DD2900DEA0EC /* ViewController.swift */ = {isa = PBXFileReference; lastKnownFileType = sourcecode.swift; path = ViewController.swift; sourceTree = "<group>"; };
		7973B5AA1E97DD2900DEA0EC /* Base */ = {isa = PBXFileReference; lastKnownFileType = file.storyboard; name = Base; path = Base.lproj/Main.storyboard; sourceTree = "<group>"; };
		7973B5AC1E97DD2900DEA0EC /* Assets.xcassets */ = {isa = PBXFileReference; lastKnownFileType = folder.assetcatalog; path = Assets.xcassets; sourceTree = "<group>"; };
		7973B5AF1E97DD2900DEA0EC /* Base */ = {isa = PBXFileReference; lastKnownFileType = file.storyboard; name = Base; path = Base.lproj/LaunchScreen.storyboard; sourceTree = "<group>"; };
		7973B5B11E97DD2900DEA0EC /* Info.plist */ = {isa = PBXFileReference; lastKnownFileType = text.plist.xml; path = Info.plist; sourceTree = "<group>"; };
		7973B5B71E97DDDB00DEA0EC /* Album.swift */ = {isa = PBXFileReference; fileEncoding = 4; lastKnownFileType = sourcecode.swift; path = Album.swift; sourceTree = "<group>"; };
		7973B5B81E97DDDB00DEA0EC /* AlbumView.swift */ = {isa = PBXFileReference; fileEncoding = 4; lastKnownFileType = sourcecode.swift; path = AlbumView.swift; sourceTree = "<group>"; };
		7973B5B91E97DDDB00DEA0EC /* HTTPClient.swift */ = {isa = PBXFileReference; fileEncoding = 4; lastKnownFileType = sourcecode.swift; path = HTTPClient.swift; sourceTree = "<group>"; };
/* End PBXFileReference section */

/* Begin PBXFrameworksBuildPhase section */
		7973B59F1E97DD2900DEA0EC /* Frameworks */ = {
			isa = PBXFrameworksBuildPhase;
			buildActionMask = 2147483647;
			files = (
			);
			runOnlyForDeploymentPostprocessing = 0;
		};
/* End PBXFrameworksBuildPhase section */

/* Begin PBXGroup section */
		7973B5991E97DD2900DEA0EC = {
			isa = PBXGroup;
			children = (
				7973B5A41E97DD2900DEA0EC /* design-patterns */,
				7973B5A31E97DD2900DEA0EC /* Products */,
			);
			sourceTree = "<group>";
		};
		7973B5A31E97DD2900DEA0EC /* Products */ = {
			isa = PBXGroup;
			children = (
				7973B5A21E97DD2900DEA0EC /* design-patterns.app */,
			);
			name = Products;
			sourceTree = "<group>";
		};
		7973B5A41E97DD2900DEA0EC /* design-patterns */ = {
			isa = PBXGroup;
			children = (
				7973B5B71E97DDDB00DEA0EC /* Album.swift */,
				7973B5B81E97DDDB00DEA0EC /* AlbumView.swift */,
				7973B5B91E97DDDB00DEA0EC /* HTTPClient.swift */,
				7973B5A51E97DD2900DEA0EC /* AppDelegate.swift */,
				7973B5A71E97DD2900DEA0EC /* ViewController.swift */,
				7973B5A91E97DD2900DEA0EC /* Main.storyboard */,
				7973B5AC1E97DD2900DEA0EC /* Assets.xcassets */,
				7973B5AE1E97DD2900DEA0EC /* LaunchScreen.storyboard */,
				7973B5B11E97DD2900DEA0EC /* Info.plist */,
			);
			path = "design-patterns";
			sourceTree = "<group>";
		};
/* End PBXGroup section */

/* Begin PBXNativeTarget section */
		7973B5A11E97DD2900DEA0EC /* design-patterns */ = {
			isa = PBXNativeTarget;
			buildConfigurationList = 7973B5B41E97DD2900DEA0EC /* Build configuration list for PBXNativeTarget "design-patterns" */;
			buildPhases = (
				7973B59E1E97DD2900DEA0EC /* Sources */,
				7973B59F1E97DD2900DEA0EC /* Frameworks */,
				7973B5A01E97DD2900DEA0EC /* Resources */,
			);
			buildRules = (
			);
			dependencies = (
			);
			name = "design-patterns";
			productName = "design-patterns";
			productReference = 7973B5A21E97DD2900DEA0EC /* design-patterns.app */;
			productType = "com.apple.product-type.application";
		};
/* End PBXNativeTarget section */

/* Begin PBXProject section */
		7973B59A1E97DD2900DEA0EC /* Project object */ = {
			isa = PBXProject;
			attributes = {
				LastSwiftUpdateCheck = 0830;
				LastUpgradeCheck = 0830;
				ORGANIZATIONNAME = Pixonsoft;
				TargetAttributes = {
					7973B5A11E97DD2900DEA0EC = {
						CreatedOnToolsVersion = 8.3;
						ProvisioningStyle = Automatic;
					};
				};
			};
			buildConfigurationList = 7973B59D1E97DD2900DEA0EC /* Build configuration list for PBXProject "design-patterns" */;
			compatibilityVersion = "Xcode 3.2";
			developmentRegion = English;
			hasScannedForEncodings = 0;
			knownRegions = (
				en,
				Base,
			);
			mainGroup = 7973B5991E97DD2900DEA0EC;
			productRefGroup = 7973B5A31E97DD2900DEA0EC /* Products */;
			projectDirPath = "";
			projectRoot = "";
			targets = (
				7973B5A11E97DD2900DEA0EC /* design-patterns */,
			);
		};
/* End PBXProject section */

/* Begin PBXResourcesBuildPhase section */
		7973B5A01E97DD2900DEA0EC /* Resources */ = {
			isa = PBXResourcesBuildPhase;
			buildActionMask = 2147483647;
			files = (
				7973B5B01E97DD2900DEA0EC /* LaunchScreen.storyboard in Resources */,
				7973B5AD1E97DD2900DEA0EC /* Assets.xcassets in Resources */,
				7973B5AB1E97DD2900DEA0EC /* Main.storyboard in Resources */,
			);
			runOnlyForDeploymentPostprocessing = 0;
		};
/* End PBXResourcesBuildPhase section */

/* Begin PBXSourcesBuildPhase section */
		7973B59E1E97DD2900DEA0EC /* Sources */ = {
			isa = PBXSourcesBuildPhase;
			buildActionMask = 2147483647;
			files = (
				7973B5A81E97DD2900DEA0EC /* ViewController.swift in Sources */,
				7973B5BC1E97DDDB00DEA0EC /* HTTPClient.swift in Sources */,
				7973B5A61E97DD2900DEA0EC /* AppDelegate.swift in Sources */,
				7973B5BB1E97DDDB00DEA0EC /* AlbumView.swift in Sources */,
				7973B5BA1E97DDDB00DEA0EC /* Album.swift in Sources */,
			);
			runOnlyForDeploymentPostprocessing = 0;
		};
/* End PBXSourcesBuildPhase section */

/* Begin PBXVariantGroup section */
		7973B5A91E97DD2900DEA0EC /* Main.storyboard */ = {
			isa = PBXVariantGroup;
			children = (
				7973B5AA1E97DD2900DEA0EC /* Base */,
			);
			name = Main.storyboard;
			sourceTree = "<group>";
		};
		7973B5AE1E97DD2900DEA0EC /* LaunchScreen.storyboard */ = {
			isa = PBXVariantGroup;
			children = (
				7973B5AF1E97DD2900DEA0EC /* Base */,
			);
			name = LaunchScreen.storyboard;
			sourceTree = "<group>";
		};
/* End PBXVariantGroup section */

/* Begin XCBuildConfiguration section */
		7973B5B21E97DD2900DEA0EC /* Debug */ = {
			isa = XCBuildConfiguration;
			buildSettings = {
				ALWAYS_SEARCH_USER_PATHS = NO;
				CLANG_ANALYZER_NONNULL = YES;
				CLANG_ANALYZER_NUMBER_OBJECT_CONVERSION = YES_AGGRESSIVE;
				CLANG_CXX_LANGUAGE_STANDARD = "gnu++0x";
				CLANG_CXX_LIBRARY = "libc++";
				CLANG_ENABLE_MODULES = YES;
				CLANG_ENABLE_OBJC_ARC = YES;
				CLANG_WARN_BOOL_CONVERSION = YES;
				CLANG_WARN_CONSTANT_CONVERSION = YES;
				CLANG_WARN_DIRECT_OBJC_ISA_USAGE = YES_ERROR;
				CLANG_WARN_DOCUMENTATION_COMMENTS = YES;
				CLANG_WARN_EMPTY_BODY = YES;
				CLANG_WARN_ENUM_CONVERSION = YES;
				CLANG_WARN_INFINITE_RECURSION = YES;
				CLANG_WARN_INT_CONVERSION = YES;
				CLANG_WARN_OBJC_ROOT_CLASS = YES_ERROR;
				CLANG_WARN_SUSPICIOUS_MOVE = YES;
				CLANG_WARN_UNREACHABLE_CODE = YES;
				CLANG_WARN__DUPLICATE_METHOD_MATCH = YES;
				"CODE_SIGN_IDENTITY[sdk=iphoneos*]" = "iPhone Developer";
				COPY_PHASE_STRIP = NO;
				DEBUG_INFORMATION_FORMAT = dwarf;
				ENABLE_STRICT_OBJC_MSGSEND = YES;
				ENABLE_TESTABILITY = YES;
				GCC_C_LANGUAGE_STANDARD = gnu99;
				GCC_DYNAMIC_NO_PIC = NO;
				GCC_NO_COMMON_BLOCKS = YES;
				GCC_OPTIMIZATION_LEVEL = 0;
				GCC_PREPROCESSOR_DEFINITIONS = (
					"DEBUG=1",
					"$(inherited)",
				);
				GCC_WARN_64_TO_32_BIT_CONVERSION = YES;
				GCC_WARN_ABOUT_RETURN_TYPE = YES_ERROR;
				GCC_WARN_UNDECLARED_SELECTOR = YES;
				GCC_WARN_UNINITIALIZED_AUTOS = YES_AGGRESSIVE;
				GCC_WARN_UNUSED_FUNCTION = YES;
				GCC_WARN_UNUSED_VARIABLE = YES;
				IPHONEOS_DEPLOYMENT_TARGET = 10.3;
				MTL_ENABLE_DEBUG_INFO = YES;
				ONLY_ACTIVE_ARCH = YES;
				SDKROOT = iphoneos;
				SWIFT_ACTIVE_COMPILATION_CONDITIONS = DEBUG;
				SWIFT_OPTIMIZATION_LEVEL = "-Onone";
				TARGETED_DEVICE_FAMILY = "1,2";
			};
			name = Debug;
		};
		7973B5B31E97DD2900DEA0EC /* Release */ = {
			isa = XCBuildConfiguration;
			buildSettings = {
				ALWAYS_SEARCH_USER_PATHS = NO;
				CLANG_ANALYZER_NONNULL = YES;
				CLANG_ANALYZER_NUMBER_OBJECT_CONVERSION = YES_AGGRESSIVE;
				CLANG_CXX_LANGUAGE_STANDARD = "gnu++0x";
				CLANG_CXX_LIBRARY = "libc++";
				CLANG_ENABLE_MODULES = YES;
				CLANG_ENABLE_OBJC_ARC = YES;
				CLANG_WARN_BOOL_CONVERSION = YES;
				CLANG_WARN_CONSTANT_CONVERSION = YES;
				CLANG_WARN_DIRECT_OBJC_ISA_USAGE = YES_ERROR;
				CLANG_WARN_DOCUMENTATION_COMMENTS = YES;
				CLANG_WARN_EMPTY_BODY = YES;
				CLANG_WARN_ENUM_CONVERSION = YES;
				CLANG_WARN_INFINITE_RECURSION = YES;
				CLANG_WARN_INT_CONVERSION = YES;
				CLANG_WARN_OBJC_ROOT_CLASS = YES_ERROR;
				CLANG_WARN_SUSPICIOUS_MOVE = YES;
				CLANG_WARN_UNREACHABLE_CODE = YES;
				CLANG_WARN__DUPLICATE_METHOD_MATCH = YES;
				"CODE_SIGN_IDENTITY[sdk=iphoneos*]" = "iPhone Developer";
				COPY_PHASE_STRIP = NO;
				DEBUG_INFORMATION_FORMAT = "dwarf-with-dsym";
				ENABLE_NS_ASSERTIONS = NO;
				ENABLE_STRICT_OBJC_MSGSEND = YES;
				GCC_C_LANGUAGE_STANDARD = gnu99;
				GCC_NO_COMMON_BLOCKS = YES;
				GCC_WARN_64_TO_32_BIT_CONVERSION = YES;
				GCC_WARN_ABOUT_RETURN_TYPE = YES_ERROR;
				GCC_WARN_UNDECLARED_SELECTOR = YES;
				GCC_WARN_UNINITIALIZED_AUTOS = YES_AGGRESSIVE;
				GCC_WARN_UNUSED_FUNCTION = YES;
				GCC_WARN_UNUSED_VARIABLE = YES;
				IPHONEOS_DEPLOYMENT_TARGET = 10.3;
				MTL_ENABLE_DEBUG_INFO = NO;
				SDKROOT = iphoneos;
				SWIFT_OPTIMIZATION_LEVEL = "-Owholemodule";
				TARGETED_DEVICE_FAMILY = "1,2";
				VALIDATE_PRODUCT = YES;
			};
			name = Release;
		};
		7973B5B51E97DD2900DEA0EC /* Debug */ = {
			isa = XCBuildConfiguration;
			buildSettings = {
				ASSETCATALOG_COMPILER_APPICON_NAME = AppIcon;
				INFOPLIST_FILE = "design-patterns/Info.plist";
				LD_RUNPATH_SEARCH_PATHS = "$(inherited) @executable_path/Frameworks";
				PRODUCT_BUNDLE_IDENTIFIER = "com.hildequias.junior.design.patterns.design-patterns";
				PRODUCT_NAME = "$(TARGET_NAME)";
				SWIFT_VERSION = 3.0;
			};
			name = Debug;
		};
		7973B5B61E97DD2900DEA0EC /* Release */ = {
			isa = XCBuildConfiguration;
			buildSettings = {
				ASSETCATALOG_COMPILER_APPICON_NAME = AppIcon;
				INFOPLIST_FILE = "design-patterns/Info.plist";
				LD_RUNPATH_SEARCH_PATHS = "$(inherited) @executable_path/Frameworks";
				PRODUCT_BUNDLE_IDENTIFIER = "com.hildequias.junior.design.patterns.design-patterns";
				PRODUCT_NAME = "$(TARGET_NAME)";
				SWIFT_VERSION = 3.0;
			};
			name = Release;
		};
/* End XCBuildConfiguration section */

/* Begin XCConfigurationList section */
		7973B59D1E97DD2900DEA0EC /* Build configuration list for PBXProject "design-patterns" */ = {
			isa = XCConfigurationList;
			buildConfigurations = (
				7973B5B21E97DD2900DEA0EC /* Debug */,
				7973B5B31E97DD2900DEA0EC /* Release */,
			);
			defaultConfigurationIsVisible = 0;
			defaultConfigurationName = Release;
		};
		7973B5B41E97DD2900DEA0EC /* Build configuration list for PBXNativeTarget "design-patterns" */ = {
			isa = XCConfigurationList;
			buildConfigurations = (
				7973B5B51E97DD2900DEA0EC /* Debug */,
				7973B5B61E97DD2900DEA0EC /* Release */,
			);
			defaultConfigurationIsVisible = 0;
			defaultConfigurationName = Release;
		};
/* End XCConfigurationList section */
	};
	rootObject = 7973B59A1E97DD2900DEA0EC /* Project object */;
}
